
Microsoft Visual Studio Solution File, Format Version 12.00
# Visual Studio Version 17
VisualStudioVersion = 17.4.33027.239
MinimumVisualStudioVersion = 10.0.40219.1
Project("{FAE04EC0-301F-11D3-BF4B-00C04F79EFBC}") = "Amethyst", "Amethyst\Amethyst.csproj", "{4204FCE6-75A0-4348-B401-F283631F1A7D}"
EndProject
Project("{9A19103F-16F7-4668-BE54-9A1E7A4F7556}") = "K2CrashHandler", "K2CrashHandler\K2CrashHandler.csproj", "{19887A68-96C8-4CAB-8A46-CCCEBFDFEC80}"
EndProject
Project("{FAE04EC0-301F-11D3-BF4B-00C04F79EFBC}") = "AmethystPluginContract", "AmethystPluginContract\AmethystPluginContract.csproj", "{8F6A83EB-577D-41AA-B348-0E41A4CEF186}"
EndProject
Global
	GlobalSection(SolutionConfigurationPlatforms) = preSolution
		Debug|Any CPU = Debug|Any CPU
		Debug|arm64 = Debug|arm64
		Debug|x64 = Debug|x64
		Debug|x86 = Debug|x86
		Release|Any CPU = Release|Any CPU
		Release|arm64 = Release|arm64
		Release|x64 = Release|x64
		Release|x86 = Release|x86
	EndGlobalSection
	GlobalSection(ProjectConfigurationPlatforms) = postSolution
		{4204FCE6-75A0-4348-B401-F283631F1A7D}.Debug|Any CPU.ActiveCfg = Debug|x64
		{4204FCE6-75A0-4348-B401-F283631F1A7D}.Debug|Any CPU.Build.0 = Debug|x64
		{4204FCE6-75A0-4348-B401-F283631F1A7D}.Debug|Any CPU.Deploy.0 = Debug|x64
		{4204FCE6-75A0-4348-B401-F283631F1A7D}.Debug|arm64.ActiveCfg = Debug|arm64
		{4204FCE6-75A0-4348-B401-F283631F1A7D}.Debug|arm64.Build.0 = Debug|arm64
		{4204FCE6-75A0-4348-B401-F283631F1A7D}.Debug|arm64.Deploy.0 = Debug|arm64
		{4204FCE6-75A0-4348-B401-F283631F1A7D}.Debug|x64.ActiveCfg = Debug|x64
		{4204FCE6-75A0-4348-B401-F283631F1A7D}.Debug|x64.Build.0 = Debug|x64
		{4204FCE6-75A0-4348-B401-F283631F1A7D}.Debug|x64.Deploy.0 = Debug|x64
		{4204FCE6-75A0-4348-B401-F283631F1A7D}.Debug|x86.ActiveCfg = Debug|x86
		{4204FCE6-75A0-4348-B401-F283631F1A7D}.Debug|x86.Build.0 = Debug|x86
		{4204FCE6-75A0-4348-B401-F283631F1A7D}.Debug|x86.Deploy.0 = Debug|x86
		{4204FCE6-75A0-4348-B401-F283631F1A7D}.Release|Any CPU.ActiveCfg = Release|x64
		{4204FCE6-75A0-4348-B401-F283631F1A7D}.Release|Any CPU.Build.0 = Release|x64
		{4204FCE6-75A0-4348-B401-F283631F1A7D}.Release|Any CPU.Deploy.0 = Release|x64
		{4204FCE6-75A0-4348-B401-F283631F1A7D}.Release|arm64.ActiveCfg = Release|arm64
		{4204FCE6-75A0-4348-B401-F283631F1A7D}.Release|arm64.Build.0 = Release|arm64
		{4204FCE6-75A0-4348-B401-F283631F1A7D}.Release|arm64.Deploy.0 = Release|arm64
		{4204FCE6-75A0-4348-B401-F283631F1A7D}.Release|x64.ActiveCfg = Release|x64
		{4204FCE6-75A0-4348-B401-F283631F1A7D}.Release|x64.Build.0 = Release|x64
		{4204FCE6-75A0-4348-B401-F283631F1A7D}.Release|x64.Deploy.0 = Release|x64
		{4204FCE6-75A0-4348-B401-F283631F1A7D}.Release|x86.ActiveCfg = Release|x86
		{4204FCE6-75A0-4348-B401-F283631F1A7D}.Release|x86.Build.0 = Release|x86
		{4204FCE6-75A0-4348-B401-F283631F1A7D}.Release|x86.Deploy.0 = Release|x86
		{19887A68-96C8-4CAB-8A46-CCCEBFDFEC80}.Debug|Any CPU.ActiveCfg = Debug|x64
		{19887A68-96C8-4CAB-8A46-CCCEBFDFEC80}.Debug|Any CPU.Build.0 = Debug|x64
		{19887A68-96C8-4CAB-8A46-CCCEBFDFEC80}.Debug|arm64.ActiveCfg = Debug|x64
		{19887A68-96C8-4CAB-8A46-CCCEBFDFEC80}.Debug|arm64.Build.0 = Debug|x64
		{19887A68-96C8-4CAB-8A46-CCCEBFDFEC80}.Debug|x64.ActiveCfg = Debug|x64
		{19887A68-96C8-4CAB-8A46-CCCEBFDFEC80}.Debug|x64.Build.0 = Debug|x64
		{19887A68-96C8-4CAB-8A46-CCCEBFDFEC80}.Debug|x86.ActiveCfg = Debug|x64
		{19887A68-96C8-4CAB-8A46-CCCEBFDFEC80}.Debug|x86.Build.0 = Debug|x64
		{19887A68-96C8-4CAB-8A46-CCCEBFDFEC80}.Release|Any CPU.ActiveCfg = Release|x64
		{19887A68-96C8-4CAB-8A46-CCCEBFDFEC80}.Release|Any CPU.Build.0 = Release|x64
		{19887A68-96C8-4CAB-8A46-CCCEBFDFEC80}.Release|arm64.ActiveCfg = Release|x64
		{19887A68-96C8-4CAB-8A46-CCCEBFDFEC80}.Release|arm64.Build.0 = Release|x64
		{19887A68-96C8-4CAB-8A46-CCCEBFDFEC80}.Release|x64.ActiveCfg = Release|x64
		{19887A68-96C8-4CAB-8A46-CCCEBFDFEC80}.Release|x64.Build.0 = Release|x64
		{19887A68-96C8-4CAB-8A46-CCCEBFDFEC80}.Release|x86.ActiveCfg = Release|x64
		{19887A68-96C8-4CAB-8A46-CCCEBFDFEC80}.Release|x86.Build.0 = Release|x64
		{8F6A83EB-577D-41AA-B348-0E41A4CEF186}.Debug|Any CPU.ActiveCfg = Debug|Any CPU
		{8F6A83EB-577D-41AA-B348-0E41A4CEF186}.Debug|Any CPU.Build.0 = Debug|Any CPU
		{8F6A83EB-577D-41AA-B348-0E41A4CEF186}.Debug|arm64.ActiveCfg = Debug|Any CPU
		{8F6A83EB-577D-41AA-B348-0E41A4CEF186}.Debug|arm64.Build.0 = Debug|Any CPU
		{8F6A83EB-577D-41AA-B348-0E41A4CEF186}.Debug|x64.ActiveCfg = Debug|Any CPU
		{8F6A83EB-577D-41AA-B348-0E41A4CEF186}.Debug|x64.Build.0 = Debug|Any CPU
		{8F6A83EB-577D-41AA-B348-0E41A4CEF186}.Debug|x86.ActiveCfg = Debug|Any CPU
		{8F6A83EB-577D-41AA-B348-0E41A4CEF186}.Debug|x86.Build.0 = Debug|Any CPU
		{8F6A83EB-577D-41AA-B348-0E41A4CEF186}.Release|Any CPU.ActiveCfg = Release|Any CPU
		{8F6A83EB-577D-41AA-B348-0E41A4CEF186}.Release|Any CPU.Build.0 = Release|Any CPU
		{8F6A83EB-577D-41AA-B348-0E41A4CEF186}.Release|arm64.ActiveCfg = Release|Any CPU
		{8F6A83EB-577D-41AA-B348-0E41A4CEF186}.Release|arm64.Build.0 = Release|Any CPU
		{8F6A83EB-577D-41AA-B348-0E41A4CEF186}.Release|x64.ActiveCfg = Release|Any CPU
		{8F6A83EB-577D-41AA-B348-0E41A4CEF186}.Release|x64.Build.0 = Release|Any CPU
		{8F6A83EB-577D-41AA-B348-0E41A4CEF186}.Release|x86.ActiveCfg = Release|Any CPU
		{8F6A83EB-577D-41AA-B348-0E41A4CEF186}.Release|x86.Build.0 = Release|Any CPU
	EndGlobalSection
	GlobalSection(SolutionProperties) = preSolution
		HideSolutionNode = FALSE
	EndGlobalSection
	GlobalSection(ExtensibilityGlobals) = postSolution
		SolutionGuid = {F2F5DDFD-C900-41BD-8F23-AABF33264E35}
	EndGlobalSection
EndGlobal
