Microsoft Visual Studio Solution File, Format Version 12.00
# Visual Studio Version 17
VisualStudioVersion = 17.4.33027.239
MinimumVisualStudioVersion = 10.0.40219.1
Project("{9A19103F-16F7-4668-BE54-9A1E7A4F7556}") = "Amethyst", "Amethyst\Amethyst.csproj", "{4204FCE6-75A0-4348-B401-F283631F1A7D}"
EndProject
Project("{9A19103F-16F7-4668-BE54-9A1E7A4F7556}") = "K2CrashHandler", "K2CrashHandler\K2CrashHandler.csproj", "{19887A68-96C8-4CAB-8A46-CCCEBFDFEC80}"
EndProject
Project("{9A19103F-16F7-4668-BE54-9A1E7A4F7556}") = "Amethyst.Plugins.Contract", "AmethystPluginContract\Amethyst.Plugins.Contract.csproj", "{8F6A83EB-577D-41AA-B348-0E41A4CEF186}"
EndProject
Project("{8BC9CEB8-8B4A-11D0-8D11-00A0C91BC942}") = "AmethystSupport", "AmethystSupport\AmethystSupport.vcxproj", "{E8E9C984-7D3D-49B5-8D09-D29E36868987}"
EndProject
Project("{2150E333-8FDC-42A3-9474-1A3956D46DE8}") = "Solution Items", "Solution Items", "{863D22A6-C6C3-4E22-B2E0-26685D1B2E3E}"
	ProjectSection(SolutionItems) = preProject
		.editorconfig = .editorconfig
	EndProjectSection
EndProject
Global
	GlobalSection(SolutionConfigurationPlatforms) = preSolution
		Debug|x64 = Debug|x64
		Release|x64 = Release|x64
	EndGlobalSection
	GlobalSection(ProjectConfigurationPlatforms) = postSolution
		{4204FCE6-75A0-4348-B401-F283631F1A7D}.Debug|x64.ActiveCfg = Debug|x64
		{4204FCE6-75A0-4348-B401-F283631F1A7D}.Debug|x64.Build.0 = Debug|x64
		{4204FCE6-75A0-4348-B401-F283631F1A7D}.Debug|x64.Deploy.0 = Debug|x64
		{4204FCE6-75A0-4348-B401-F283631F1A7D}.Release|x64.ActiveCfg = Release|x64
		{4204FCE6-75A0-4348-B401-F283631F1A7D}.Release|x64.Build.0 = Release|x64
		{4204FCE6-75A0-4348-B401-F283631F1A7D}.Release|x64.Deploy.0 = Release|x64
		{19887A68-96C8-4CAB-8A46-CCCEBFDFEC80}.Debug|x64.ActiveCfg = Debug|x64
		{19887A68-96C8-4CAB-8A46-CCCEBFDFEC80}.Debug|x64.Build.0 = Debug|x64
		{19887A68-96C8-4CAB-8A46-CCCEBFDFEC80}.Release|x64.ActiveCfg = Release|x64
		{19887A68-96C8-4CAB-8A46-CCCEBFDFEC80}.Release|x64.Build.0 = Release|x64
		{8F6A83EB-577D-41AA-B348-0E41A4CEF186}.Debug|x64.ActiveCfg = Debug|x64
		{8F6A83EB-577D-41AA-B348-0E41A4CEF186}.Debug|x64.Build.0 = Debug|x64
		{8F6A83EB-577D-41AA-B348-0E41A4CEF186}.Release|x64.ActiveCfg = Release|x64
		{8F6A83EB-577D-41AA-B348-0E41A4CEF186}.Release|x64.Build.0 = Release|x64
		{E8E9C984-7D3D-49B5-8D09-D29E36868987}.Debug|x64.ActiveCfg = Debug|x64
		{E8E9C984-7D3D-49B5-8D09-D29E36868987}.Debug|x64.Build.0 = Debug|x64
		{E8E9C984-7D3D-49B5-8D09-D29E36868987}.Release|x64.ActiveCfg = Release|x64
		{E8E9C984-7D3D-49B5-8D09-D29E36868987}.Release|x64.Build.0 = Release|x64
	EndGlobalSection
	GlobalSection(SolutionProperties) = preSolution
		HideSolutionNode = FALSE
	EndGlobalSection
	GlobalSection(ExtensibilityGlobals) = postSolution
		SolutionGuid = {F2F5DDFD-C900-41BD-8F23-AABF33264E35}
	EndGlobalSection
EndGlobal
