
Microsoft Visual Studio Solution File, Format Version 12.00
# Visual Studio Version 17
VisualStudioVersion = 17.1.31911.260
MinimumVisualStudioVersion = 10.0.40219.1
Project("{8BC9CEB8-8B4A-11D0-8D11-00A0C91BC942}") = "KinectToVR", "KinectToVR\KinectToVR.vcxproj", "{776470D2-46B2-41AC-8A04-0ED36E96D605}"
EndProject
Project("{8BC9CEB8-8B4A-11D0-8D11-00A0C91BC942}") = "KinectToVR_API", "KinectToVR_API\KinectToVR_API.vcxproj", "{3FB99A4E-D168-4EFC-B909-CE2951543CF8}"
EndProject
Project("{8BC9CEB8-8B4A-11D0-8D11-00A0C91BC942}") = "device_KinectV1", "device_KinectV1\device_KinectV1.vcxproj", "{AED10E24-A19D-475D-8A65-07C2061707DA}"
EndProject
Project("{8BC9CEB8-8B4A-11D0-8D11-00A0C91BC942}") = "device_KinectV2", "device_KinectV2\device_KinectV2.vcxproj", "{0FB1E875-CBC0-48C4-B670-A6BFAD3A7B04}"
EndProject
Project("{8BC9CEB8-8B4A-11D0-8D11-00A0C91BC942}") = "driver_KinectToVR", "driver_KinectToVR\driver_KinectToVR.vcxproj", "{6871E868-80FA-489A-BE81-216094033C14}"
EndProject
Project("{8BC9CEB8-8B4A-11D0-8D11-00A0C91BC942}") = "device_PSMoveService", "device_PSMoveService\device_PSMoveService.vcxproj", "{6C477205-E3C1-4B3A-9B57-94D73010B77D}"
EndProject
Project("{9A19103F-16F7-4668-BE54-9A1E7A4F7556}") = "K2CrashHandler", "K2CrashHandler\K2CrashHandler.csproj", "{23B53935-CFBA-4E05-B129-8CF3BD826A6E}"
EndProject
Project("{FAE04EC0-301F-11D3-BF4B-00C04F79EFBC}") = "K2InsightsHandler", "K2InsightsHandler\K2InsightsHandler.csproj", "{A6C7F301-A687-4113-B4D9-42C0CF0162A4}"
EndProject
Project("{8BC9CEB8-8B4A-11D0-8D11-00A0C91BC942}") = "K2InsightsWrapper", "K2InsightsWrapper\K2InsightsWrapper.vcxproj", "{71C023FF-1BF7-4B01-AF2A-F7938D1FB1C0}"
EndProject
Global
	GlobalSection(SolutionConfigurationPlatforms) = preSolution
		Debug|Any CPU = Debug|Any CPU
		Debug|x64 = Debug|x64
		Debug|x86 = Debug|x86
		Release|Any CPU = Release|Any CPU
		Release|x64 = Release|x64
		Release|x86 = Release|x86
	EndGlobalSection
	GlobalSection(ProjectConfigurationPlatforms) = postSolution
		{776470D2-46B2-41AC-8A04-0ED36E96D605}.Debug|Any CPU.ActiveCfg = Debug|x64
		{776470D2-46B2-41AC-8A04-0ED36E96D605}.Debug|Any CPU.Build.0 = Debug|x64
		{776470D2-46B2-41AC-8A04-0ED36E96D605}.Debug|x64.ActiveCfg = Debug|x64
		{776470D2-46B2-41AC-8A04-0ED36E96D605}.Debug|x64.Build.0 = Debug|x64
		{776470D2-46B2-41AC-8A04-0ED36E96D605}.Debug|x64.Deploy.0 = Debug|x64
		{776470D2-46B2-41AC-8A04-0ED36E96D605}.Debug|x86.ActiveCfg = Debug|x64
		{776470D2-46B2-41AC-8A04-0ED36E96D605}.Debug|x86.Build.0 = Debug|x64
		{776470D2-46B2-41AC-8A04-0ED36E96D605}.Release|Any CPU.ActiveCfg = Release|x64
		{776470D2-46B2-41AC-8A04-0ED36E96D605}.Release|Any CPU.Build.0 = Release|x64
		{776470D2-46B2-41AC-8A04-0ED36E96D605}.Release|x64.ActiveCfg = Release|x64
		{776470D2-46B2-41AC-8A04-0ED36E96D605}.Release|x64.Build.0 = Release|x64
		{776470D2-46B2-41AC-8A04-0ED36E96D605}.Release|x64.Deploy.0 = Release|x64
		{776470D2-46B2-41AC-8A04-0ED36E96D605}.Release|x86.ActiveCfg = Release|x64
		{776470D2-46B2-41AC-8A04-0ED36E96D605}.Release|x86.Build.0 = Release|x64
		{3FB99A4E-D168-4EFC-B909-CE2951543CF8}.Debug|Any CPU.ActiveCfg = Debug|x64
		{3FB99A4E-D168-4EFC-B909-CE2951543CF8}.Debug|Any CPU.Build.0 = Debug|x64
		{3FB99A4E-D168-4EFC-B909-CE2951543CF8}.Debug|x64.ActiveCfg = Debug|x64
		{3FB99A4E-D168-4EFC-B909-CE2951543CF8}.Debug|x64.Build.0 = Debug|x64
		{3FB99A4E-D168-4EFC-B909-CE2951543CF8}.Debug|x86.ActiveCfg = Debug|x64
		{3FB99A4E-D168-4EFC-B909-CE2951543CF8}.Debug|x86.Build.0 = Debug|x64
		{3FB99A4E-D168-4EFC-B909-CE2951543CF8}.Release|Any CPU.ActiveCfg = Release|x64
		{3FB99A4E-D168-4EFC-B909-CE2951543CF8}.Release|Any CPU.Build.0 = Release|x64
		{3FB99A4E-D168-4EFC-B909-CE2951543CF8}.Release|x64.ActiveCfg = Release|x64
		{3FB99A4E-D168-4EFC-B909-CE2951543CF8}.Release|x64.Build.0 = Release|x64
		{3FB99A4E-D168-4EFC-B909-CE2951543CF8}.Release|x86.ActiveCfg = Release|x64
		{3FB99A4E-D168-4EFC-B909-CE2951543CF8}.Release|x86.Build.0 = Release|x64
		{AED10E24-A19D-475D-8A65-07C2061707DA}.Debug|Any CPU.ActiveCfg = Debug|x64
		{AED10E24-A19D-475D-8A65-07C2061707DA}.Debug|Any CPU.Build.0 = Debug|x64
		{AED10E24-A19D-475D-8A65-07C2061707DA}.Debug|x64.ActiveCfg = Debug|x64
		{AED10E24-A19D-475D-8A65-07C2061707DA}.Debug|x64.Build.0 = Debug|x64
		{AED10E24-A19D-475D-8A65-07C2061707DA}.Debug|x86.ActiveCfg = Debug|x64
		{AED10E24-A19D-475D-8A65-07C2061707DA}.Debug|x86.Build.0 = Debug|x64
		{AED10E24-A19D-475D-8A65-07C2061707DA}.Release|Any CPU.ActiveCfg = Release|x64
		{AED10E24-A19D-475D-8A65-07C2061707DA}.Release|Any CPU.Build.0 = Release|x64
		{AED10E24-A19D-475D-8A65-07C2061707DA}.Release|x64.ActiveCfg = Release|x64
		{AED10E24-A19D-475D-8A65-07C2061707DA}.Release|x64.Build.0 = Release|x64
		{AED10E24-A19D-475D-8A65-07C2061707DA}.Release|x86.ActiveCfg = Release|x64
		{AED10E24-A19D-475D-8A65-07C2061707DA}.Release|x86.Build.0 = Release|x64
		{0FB1E875-CBC0-48C4-B670-A6BFAD3A7B04}.Debug|Any CPU.ActiveCfg = Debug|x64
		{0FB1E875-CBC0-48C4-B670-A6BFAD3A7B04}.Debug|Any CPU.Build.0 = Debug|x64
		{0FB1E875-CBC0-48C4-B670-A6BFAD3A7B04}.Debug|x64.ActiveCfg = Debug|x64
		{0FB1E875-CBC0-48C4-B670-A6BFAD3A7B04}.Debug|x64.Build.0 = Debug|x64
		{0FB1E875-CBC0-48C4-B670-A6BFAD3A7B04}.Debug|x86.ActiveCfg = Debug|x64
		{0FB1E875-CBC0-48C4-B670-A6BFAD3A7B04}.Debug|x86.Build.0 = Debug|x64
		{0FB1E875-CBC0-48C4-B670-A6BFAD3A7B04}.Release|Any CPU.ActiveCfg = Release|x64
		{0FB1E875-CBC0-48C4-B670-A6BFAD3A7B04}.Release|Any CPU.Build.0 = Release|x64
		{0FB1E875-CBC0-48C4-B670-A6BFAD3A7B04}.Release|x64.ActiveCfg = Release|x64
		{0FB1E875-CBC0-48C4-B670-A6BFAD3A7B04}.Release|x64.Build.0 = Release|x64
		{0FB1E875-CBC0-48C4-B670-A6BFAD3A7B04}.Release|x86.ActiveCfg = Release|x64
		{0FB1E875-CBC0-48C4-B670-A6BFAD3A7B04}.Release|x86.Build.0 = Release|x64
		{6871E868-80FA-489A-BE81-216094033C14}.Debug|Any CPU.ActiveCfg = Debug|x64
		{6871E868-80FA-489A-BE81-216094033C14}.Debug|Any CPU.Build.0 = Debug|x64
		{6871E868-80FA-489A-BE81-216094033C14}.Debug|x64.ActiveCfg = Debug|x64
		{6871E868-80FA-489A-BE81-216094033C14}.Debug|x64.Build.0 = Debug|x64
		{6871E868-80FA-489A-BE81-216094033C14}.Debug|x86.ActiveCfg = Debug|x64
		{6871E868-80FA-489A-BE81-216094033C14}.Debug|x86.Build.0 = Debug|x64
		{6871E868-80FA-489A-BE81-216094033C14}.Release|Any CPU.ActiveCfg = Release|x64
		{6871E868-80FA-489A-BE81-216094033C14}.Release|Any CPU.Build.0 = Release|x64
		{6871E868-80FA-489A-BE81-216094033C14}.Release|x64.ActiveCfg = Release|x64
		{6871E868-80FA-489A-BE81-216094033C14}.Release|x64.Build.0 = Release|x64
		{6871E868-80FA-489A-BE81-216094033C14}.Release|x86.ActiveCfg = Release|x64
		{6871E868-80FA-489A-BE81-216094033C14}.Release|x86.Build.0 = Release|x64
		{6C477205-E3C1-4B3A-9B57-94D73010B77D}.Debug|Any CPU.ActiveCfg = Debug|x64
		{6C477205-E3C1-4B3A-9B57-94D73010B77D}.Debug|Any CPU.Build.0 = Debug|x64
		{6C477205-E3C1-4B3A-9B57-94D73010B77D}.Debug|x64.ActiveCfg = Debug|x64
		{6C477205-E3C1-4B3A-9B57-94D73010B77D}.Debug|x64.Build.0 = Debug|x64
		{6C477205-E3C1-4B3A-9B57-94D73010B77D}.Debug|x86.ActiveCfg = Debug|x64
		{6C477205-E3C1-4B3A-9B57-94D73010B77D}.Debug|x86.Build.0 = Debug|x64
		{6C477205-E3C1-4B3A-9B57-94D73010B77D}.Release|Any CPU.ActiveCfg = Release|x64
		{6C477205-E3C1-4B3A-9B57-94D73010B77D}.Release|Any CPU.Build.0 = Release|x64
		{6C477205-E3C1-4B3A-9B57-94D73010B77D}.Release|x64.ActiveCfg = Release|x64
		{6C477205-E3C1-4B3A-9B57-94D73010B77D}.Release|x64.Build.0 = Release|x64
		{6C477205-E3C1-4B3A-9B57-94D73010B77D}.Release|x86.ActiveCfg = Release|x64
		{6C477205-E3C1-4B3A-9B57-94D73010B77D}.Release|x86.Build.0 = Release|x64
		{23B53935-CFBA-4E05-B129-8CF3BD826A6E}.Debug|Any CPU.ActiveCfg = Debug|x64
		{23B53935-CFBA-4E05-B129-8CF3BD826A6E}.Debug|Any CPU.Build.0 = Debug|x64
		{23B53935-CFBA-4E05-B129-8CF3BD826A6E}.Debug|x64.ActiveCfg = Debug|x64
		{23B53935-CFBA-4E05-B129-8CF3BD826A6E}.Debug|x64.Build.0 = Debug|x64
		{23B53935-CFBA-4E05-B129-8CF3BD826A6E}.Debug|x86.ActiveCfg = Debug|x64
		{23B53935-CFBA-4E05-B129-8CF3BD826A6E}.Debug|x86.Build.0 = Debug|x64
		{23B53935-CFBA-4E05-B129-8CF3BD826A6E}.Release|Any CPU.ActiveCfg = Release|x64
		{23B53935-CFBA-4E05-B129-8CF3BD826A6E}.Release|Any CPU.Build.0 = Release|x64
		{23B53935-CFBA-4E05-B129-8CF3BD826A6E}.Release|x64.ActiveCfg = Release|x64
		{23B53935-CFBA-4E05-B129-8CF3BD826A6E}.Release|x64.Build.0 = Release|x64
		{23B53935-CFBA-4E05-B129-8CF3BD826A6E}.Release|x86.ActiveCfg = Release|x64
		{23B53935-CFBA-4E05-B129-8CF3BD826A6E}.Release|x86.Build.0 = Release|x64
		{A6C7F301-A687-4113-B4D9-42C0CF0162A4}.Debug|Any CPU.ActiveCfg = Debug|x64
		{A6C7F301-A687-4113-B4D9-42C0CF0162A4}.Debug|x64.ActiveCfg = Debug|x64
		{A6C7F301-A687-4113-B4D9-42C0CF0162A4}.Debug|x64.Build.0 = Debug|x64
		{A6C7F301-A687-4113-B4D9-42C0CF0162A4}.Debug|x86.ActiveCfg = Debug|x64
		{A6C7F301-A687-4113-B4D9-42C0CF0162A4}.Debug|x86.Build.0 = Debug|x64
		{A6C7F301-A687-4113-B4D9-42C0CF0162A4}.Release|Any CPU.ActiveCfg = Release|x64
		{A6C7F301-A687-4113-B4D9-42C0CF0162A4}.Release|x64.ActiveCfg = Release|x64
		{A6C7F301-A687-4113-B4D9-42C0CF0162A4}.Release|x86.ActiveCfg = Release|x64
		{A6C7F301-A687-4113-B4D9-42C0CF0162A4}.Release|x86.Build.0 = Release|x64
		{71C023FF-1BF7-4B01-AF2A-F7938D1FB1C0}.Debug|Any CPU.ActiveCfg = Debug|x64
		{71C023FF-1BF7-4B01-AF2A-F7938D1FB1C0}.Debug|Any CPU.Build.0 = Debug|x64
		{71C023FF-1BF7-4B01-AF2A-F7938D1FB1C0}.Debug|x64.ActiveCfg = Debug|x64
		{71C023FF-1BF7-4B01-AF2A-F7938D1FB1C0}.Debug|x64.Build.0 = Debug|x64
		{71C023FF-1BF7-4B01-AF2A-F7938D1FB1C0}.Debug|x86.ActiveCfg = Debug|Win32
		{71C023FF-1BF7-4B01-AF2A-F7938D1FB1C0}.Debug|x86.Build.0 = Debug|Win32
		{71C023FF-1BF7-4B01-AF2A-F7938D1FB1C0}.Release|Any CPU.ActiveCfg = Release|x64
		{71C023FF-1BF7-4B01-AF2A-F7938D1FB1C0}.Release|Any CPU.Build.0 = Release|x64
		{71C023FF-1BF7-4B01-AF2A-F7938D1FB1C0}.Release|x64.ActiveCfg = Release|x64
		{71C023FF-1BF7-4B01-AF2A-F7938D1FB1C0}.Release|x64.Build.0 = Release|x64
		{71C023FF-1BF7-4B01-AF2A-F7938D1FB1C0}.Release|x86.ActiveCfg = Release|Win32
		{71C023FF-1BF7-4B01-AF2A-F7938D1FB1C0}.Release|x86.Build.0 = Release|Win32
	EndGlobalSection
	GlobalSection(SolutionProperties) = preSolution
		HideSolutionNode = FALSE
	EndGlobalSection
	GlobalSection(ExtensibilityGlobals) = postSolution
		SolutionGuid = {76D53788-992A-42B6-8126-260B84E4F610}
	EndGlobalSection
EndGlobal
