<?xml version="1.0" encoding="utf-8"?>
<Project ToolsVersion="4.0" xmlns="http://schemas.microsoft.com/developer/msbuild/2003">
  <ItemGroup>
    <ApplicationDefinition Include="App.xaml" />
  </ItemGroup>
  <ItemGroup>
    <Page Include="MainWindow.xaml" />
    <Page Include="GeneralPage.xaml">
      <Filter>Pages</Filter>
    </Page>
    <Page Include="DevicesPage.xaml">
      <Filter>Pages</Filter>
    </Page>
    <Page Include="SettingsPage.xaml">
      <Filter>Pages</Filter>
    </Page>
    <Page Include="InfoPage.xaml">
      <Filter>Pages</Filter>
    </Page>
    <Page Include="ConsolePage.xaml">
      <Filter>Pages</Filter>
    </Page>
  </ItemGroup>
  <ItemGroup>
    <Midl Include="App.idl" />
    <Midl Include="MainWindow.idl" />
    <Midl Include="DeviceEntryView.idl">
      <Filter>MVVM\Devices %28List%29</Filter>
    </Midl>
    <Midl Include="CalibrationDeviceEntryView.idl">
      <Filter>MVVM\Calibration</Filter>
    </Midl>
    <Midl Include="PluginEntryView.idl">
      <Filter>MVVM\Devices %28Manager%29</Filter>
    </Midl>
  </ItemGroup>
  <ItemGroup>
    <ClCompile Include="pch.cpp" />
    <ClCompile Include="$(GeneratedFilesDir)module.g.cpp" />
    <ClCompile Include="DeviceEntryView.cpp">
      <Filter>MVVM\Devices %28List%29</Filter>
    </ClCompile>
    <ClCompile Include="CalibrationDeviceEntryView.cpp">
      <Filter>MVVM\Calibration</Filter>
    </ClCompile>
    <ClCompile Include="PluginEntryView.cpp">
      <Filter>MVVM\Devices %28Manager%29</Filter>
    </ClCompile>
  </ItemGroup>
  <ItemGroup>
    <ClInclude Include="pch.h" />
    <ClInclude Include="resource.h" />
    <ClInclude Include="TrackingDevices.h">
      <Filter>Header Files</Filter>
    </ClInclude>
    <ClInclude Include="K2Shared.h">
      <Filter>Header Files</Filter>
    </ClInclude>
    <ClInclude Include="K2Settings.h">
      <Filter>Header Files</Filter>
    </ClInclude>
    <ClInclude Include="K2AppTracker.h">
      <Filter>Header Files</Filter>
    </ClInclude>
    <ClInclude Include="K2Interfacing.h">
      <Filter>Header Files</Filter>
    </ClInclude>
    <ClInclude Include="K2EVRInput.h">
      <Filter>Header Files</Filter>
    </ClInclude>
    <ClInclude Include="K2Main.h">
      <Filter>Header Files</Filter>
    </ClInclude>
    <ClInclude Include="JointExpander.h">
      <Filter>Header Files\Custom Controls</Filter>
    </ClInclude>
    <ClInclude Include="JointSelectorRow.h">
      <Filter>Header Files\Custom Controls</Filter>
    </ClInclude>
    <ClInclude Include="JointSelectorExpander.h">
      <Filter>Header Files\Custom Controls</Filter>
    </ClInclude>
    <ClInclude Include="OverrideSelectorRow.h">
      <Filter>Header Files\Custom Controls</Filter>
    </ClInclude>
    <ClInclude Include="OverrideSelectorExpander.h">
      <Filter>Header Files\Custom Controls</Filter>
    </ClInclude>
    <ClInclude Include="OffsetsPivotItem.h">
      <Filter>Header Files\Custom Controls</Filter>
    </ClInclude>
    <ClInclude Include="OffsetsController.h">
      <Filter>Header Files\Custom Controls</Filter>
    </ClInclude>
    <ClInclude Include="K2DeviceMath.h">
      <Filter>Header Files</Filter>
    </ClInclude>
    <ClInclude Include="..\external\vendor\EigenUtils.h">
      <Filter>Header Files\Vendor Files</Filter>
    </ClInclude>
    <ClInclude Include="..\external\vendor\KalmanFilter.h">
      <Filter>Header Files\Vendor Files</Filter>
    </ClInclude>
    <ClInclude Include="..\external\vendor\LowpassFilter.h">
      <Filter>Header Files\Vendor Files</Filter>
    </ClInclude>
    <ClInclude Include="DeviceEntryView.h">
      <Filter>MVVM\Devices %28List%29</Filter>
    </ClInclude>
    <ClInclude Include="CalibrationDeviceEntryView.h">
      <Filter>MVVM\Calibration</Filter>
    </ClInclude>
    <ClInclude Include="PluginEntryView.h">
      <Filter>MVVM\Devices %28Manager%29</Filter>
    </ClInclude>
  </ItemGroup>
  <ItemGroup>
    <Image Include="Assets\Wide310x150Logo.scale-200.png">
      <Filter>Assets</Filter>
    </Image>
    <Image Include="Assets\Square150x150Logo.scale-200.png">
      <Filter>Assets</Filter>
    </Image>
    <Image Include="Assets\Square44x44Logo.targetsize-24_altform-unplated.png">
      <Filter>Assets</Filter>
    </Image>
    <Image Include="Assets\Square44x44Logo.scale-200.png">
      <Filter>Assets</Filter>
    </Image>
    <Image Include="Assets\SplashScreen.scale-200.png">
      <Filter>Assets</Filter>
    </Image>
    <Image Include="Assets\SmallTile.scale-100.png">
      <Filter>Assets</Filter>
    </Image>
    <Image Include="Assets\SmallTile.scale-125.png">
      <Filter>Assets</Filter>
    </Image>
    <Image Include="Assets\SmallTile.scale-150.png">
      <Filter>Assets</Filter>
    </Image>
    <Image Include="Assets\SmallTile.scale-200.png">
      <Filter>Assets</Filter>
    </Image>
    <Image Include="Assets\SmallTile.scale-400.png">
      <Filter>Assets</Filter>
    </Image>
    <Image Include="Assets\Square150x150Logo.scale-100.png">
      <Filter>Assets</Filter>
    </Image>
    <Image Include="Assets\Square150x150Logo.scale-125.png">
      <Filter>Assets</Filter>
    </Image>
    <Image Include="Assets\Square150x150Logo.scale-150.png">
      <Filter>Assets</Filter>
    </Image>
    <Image Include="Assets\Square150x150Logo.scale-400.png">
      <Filter>Assets</Filter>
    </Image>
    <Image Include="Assets\Wide310x150Logo.scale-100.png">
      <Filter>Assets</Filter>
    </Image>
    <Image Include="Assets\Wide310x150Logo.scale-125.png">
      <Filter>Assets</Filter>
    </Image>
    <Image Include="Assets\Wide310x150Logo.scale-150.png">
      <Filter>Assets</Filter>
    </Image>
    <Image Include="Assets\Wide310x150Logo.scale-400.png">
      <Filter>Assets</Filter>
    </Image>
    <Image Include="Assets\LargeTile.scale-100.png">
      <Filter>Assets</Filter>
    </Image>
    <Image Include="Assets\LargeTile.scale-125.png">
      <Filter>Assets</Filter>
    </Image>
    <Image Include="Assets\LargeTile.scale-150.png">
      <Filter>Assets</Filter>
    </Image>
    <Image Include="Assets\LargeTile.scale-200.png">
      <Filter>Assets</Filter>
    </Image>
    <Image Include="Assets\LargeTile.scale-400.png">
      <Filter>Assets</Filter>
    </Image>
    <Image Include="Assets\Square44x44Logo.scale-100.png">
      <Filter>Assets</Filter>
    </Image>
    <Image Include="Assets\Square44x44Logo.scale-125.png">
      <Filter>Assets</Filter>
    </Image>
    <Image Include="Assets\Square44x44Logo.scale-150.png">
      <Filter>Assets</Filter>
    </Image>
    <Image Include="Assets\Square44x44Logo.scale-400.png">
      <Filter>Assets</Filter>
    </Image>
    <Image Include="Assets\Square44x44Logo.targetsize-16.png">
      <Filter>Assets</Filter>
    </Image>
    <Image Include="Assets\Square44x44Logo.targetsize-24.png">
      <Filter>Assets</Filter>
    </Image>
    <Image Include="Assets\Square44x44Logo.targetsize-32.png">
      <Filter>Assets</Filter>
    </Image>
    <Image Include="Assets\Square44x44Logo.targetsize-48.png">
      <Filter>Assets</Filter>
    </Image>
    <Image Include="Assets\Square44x44Logo.targetsize-256.png">
      <Filter>Assets</Filter>
    </Image>
    <Image Include="Assets\Square44x44Logo.altform-unplated_targetsize-16.png">
      <Filter>Assets</Filter>
    </Image>
    <Image Include="Assets\Square44x44Logo.altform-unplated_targetsize-32.png">
      <Filter>Assets</Filter>
    </Image>
    <Image Include="Assets\Square44x44Logo.altform-unplated_targetsize-48.png">
      <Filter>Assets</Filter>
    </Image>
    <Image Include="Assets\Square44x44Logo.altform-unplated_targetsize-256.png">
      <Filter>Assets</Filter>
    </Image>
    <Image Include="Assets\Square44x44Logo.altform-lightunplated_targetsize-16.png">
      <Filter>Assets</Filter>
    </Image>
    <Image Include="Assets\Square44x44Logo.altform-lightunplated_targetsize-24.png">
      <Filter>Assets</Filter>
    </Image>
    <Image Include="Assets\Square44x44Logo.altform-lightunplated_targetsize-32.png">
      <Filter>Assets</Filter>
    </Image>
    <Image Include="Assets\Square44x44Logo.altform-lightunplated_targetsize-48.png">
      <Filter>Assets</Filter>
    </Image>
    <Image Include="Assets\Square44x44Logo.altform-lightunplated_targetsize-256.png">
      <Filter>Assets</Filter>
    </Image>
    <Image Include="Assets\SplashScreen.scale-100.png">
      <Filter>Assets</Filter>
    </Image>
    <Image Include="Assets\SplashScreen.scale-125.png">
      <Filter>Assets</Filter>
    </Image>
    <Image Include="Assets\SplashScreen.scale-150.png">
      <Filter>Assets</Filter>
    </Image>
    <Image Include="Assets\SplashScreen.scale-400.png">
      <Filter>Assets</Filter>
    </Image>
    <Image Include="Assets\StoreLogo.scale-100.png">
      <Filter>Assets</Filter>
    </Image>
    <Image Include="Assets\StoreLogo.scale-125.png">
      <Filter>Assets</Filter>
    </Image>
    <Image Include="Assets\StoreLogo.scale-150.png">
      <Filter>Assets</Filter>
    </Image>
    <Image Include="Assets\StoreLogo.scale-200.png">
      <Filter>Assets</Filter>
    </Image>
    <Image Include="Assets\StoreLogo.scale-400.png">
      <Filter>Assets</Filter>
    </Image>
    <Image Include="Assets\flat_ktvr.ico">
      <Filter>Assets</Filter>
    </Image>
    <Image Include="Assets\flat_ktvr.png">
      <Filter>Assets</Filter>
    </Image>
    <Image Include="Assets\ktvr.ico">
      <Filter>Assets</Filter>
    </Image>
    <Image Include="Assets\ktvr.png">
      <Filter>Assets</Filter>
    </Image>
    <Image Include="Assets\hug.gif">
      <Filter>Assets</Filter>
    </Image>
  </ItemGroup>
  <ItemGroup>
    <Filter Include="Assets">
      <UniqueIdentifier>{776470d2-46b2-41ac-8a04-0ed36e96d605}</UniqueIdentifier>
    </Filter>
    <Filter Include="Pages">
      <UniqueIdentifier>{9c55212e-2c38-4892-9bba-9d1ebb6d9921}</UniqueIdentifier>
    </Filter>
    <Filter Include="Header Files">
      <UniqueIdentifier>{0fc750fd-6054-4c3d-8204-d91bb847daca}</UniqueIdentifier>
    </Filter>
    <Filter Include="Header Files\Custom Controls">
      <UniqueIdentifier>{fee0c485-5d6e-48cc-bc58-75a411e0eae9}</UniqueIdentifier>
    </Filter>
    <Filter Include="Assets\Sounds">
      <UniqueIdentifier>{81879332-1ac8-4f09-8d51-61731b39b77c}</UniqueIdentifier>
    </Filter>
    <Filter Include="MVVM">
      <UniqueIdentifier>{1176953b-651a-45ae-91b8-d08897d0b5ad}</UniqueIdentifier>
    </Filter>
    <Filter Include="Header Files\Vendor Files">
      <UniqueIdentifier>{e999f062-3d8f-477f-af9e-551ce781d26f}</UniqueIdentifier>
    </Filter>
    <Filter Include="MVVM\Calibration">
      <UniqueIdentifier>{3dfec5f2-d381-4b75-9f0b-fc62a121a5a3}</UniqueIdentifier>
    </Filter>
    <Filter Include="MVVM\Devices %28List%29">
      <UniqueIdentifier>{cd6db647-f01b-46cf-99fd-34121bd9c381}</UniqueIdentifier>
    </Filter>
    <Filter Include="MVVM\Devices %28Manager%29">
      <UniqueIdentifier>{a1a195ae-ac4e-4018-92ad-70d12867b1b3}</UniqueIdentifier>
    </Filter>
  </ItemGroup>
  <ItemGroup>
    <Text Include="readme.txt" />
    <Text Include="Assets\Licenses.txt">
      <Filter>Assets</Filter>
    </Text>
  </ItemGroup>
  <ItemGroup>
    <Manifest Include="app.manifest" />
  </ItemGroup>
  <ItemGroup>
    <ResourceCompile Include="Amethyst.rc" />
  </ItemGroup>
  <ItemGroup>
    <Media Include="Assets\Sounds\TrackersDisconnected.wav">
      <Filter>Assets\Sounds</Filter>
    </Media>
    <Media Include="Assets\Sounds\Show.wav">
      <Filter>Assets\Sounds</Filter>
    </Media>
    <Media Include="Assets\Sounds\ToggleOff.wav">
      <Filter>Assets\Sounds</Filter>
    </Media>
    <Media Include="Assets\Sounds\ToggleOn.wav">
      <Filter>Assets\Sounds</Filter>
    </Media>
    <Media Include="Assets\Sounds\TrackersConnected.wav">
      <Filter>Assets\Sounds</Filter>
    </Media>
    <Media Include="Assets\Sounds\MovePrevious.wav">
      <Filter>Assets\Sounds</Filter>
    </Media>
    <Media Include="Assets\Sounds\MoveNext.wav">
      <Filter>Assets\Sounds</Filter>
    </Media>
    <Media Include="Assets\Sounds\Invoke.wav">
      <Filter>Assets\Sounds</Filter>
    </Media>
    <Media Include="Assets\Sounds\CalibrationAborted.wav">
      <Filter>Assets\Sounds</Filter>
    </Media>
    <Media Include="Assets\Sounds\CalibrationComplete.wav">
      <Filter>Assets\Sounds</Filter>
    </Media>
    <Media Include="Assets\Sounds\CalibrationPointCaptured.wav">
      <Filter>Assets\Sounds</Filter>
    </Media>
    <Media Include="Assets\Sounds\CalibrationStart.wav">
      <Filter>Assets\Sounds</Filter>
    </Media>
    <Media Include="Assets\Sounds\CalibrationTick.wav">
      <Filter>Assets\Sounds</Filter>
    </Media>
    <Media Include="Assets\Sounds\Error.wav">
      <Filter>Assets\Sounds</Filter>
    </Media>
    <Media Include="Assets\Sounds\Focus.wav">
      <Filter>Assets\Sounds</Filter>
    </Media>
    <Media Include="Assets\Sounds\GoBack.wav">
      <Filter>Assets\Sounds</Filter>
    </Media>
    <Media Include="Assets\Sounds\Hide.wav">
      <Filter>Assets\Sounds</Filter>
    </Media>
    <Media Include="Assets\CalibrationDirections.mp4">
      <Filter>Assets</Filter>
    </Media>
  </ItemGroup>
  <ItemGroup>
    <None Include="packages.config" />
  </ItemGroup>
</Project>